
Microsoft Visual Studio Solution File, Format Version 12.00
# Visual Studio 14
VisualStudioVersion = 14.0.25420.1
MinimumVisualStudioVersion = 10.0.40219.1
Project("{8BC9CEB8-8B4A-11D0-8D11-00A0C91BC942}") = "CoreWrapper", "CoreWrapper\CoreWrapper.vcxproj", "{A389B4C4-F723-4E1B-8FA5-C43DE5D58F1E}"
EndProject
Project("{FAE04EC0-301F-11D3-BF4B-00C04F79EFBC}") = "GUI", "GUI\GUI.csproj", "{BF2E03B1-8520-46B0-B740-45EABEC2D915}"
EndProject
Project("{8BC9CEB8-8B4A-11D0-8D11-00A0C91BC942}") = "CoreImageProc", "CoreImageProc\CoreImageProc.vcxproj", "{2EC73010-21BF-49F6-B790-413312137124}"
EndProject
Project("{FAE04EC0-301F-11D3-BF4B-00C04F79EFBC}") = "WPF_GUI", "WPF_GUI\WPF_GUI.csproj", "{D5B624A2-646F-466C-AAC0-2911E157C16F}"
EndProject
Global
	GlobalSection(SolutionConfigurationPlatforms) = preSolution
		Debug|Any CPU = Debug|Any CPU
		Debug|x64 = Debug|x64
		Debug|x86 = Debug|x86
		Release|Any CPU = Release|Any CPU
		Release|x64 = Release|x64
		Release|x86 = Release|x86
	EndGlobalSection
	GlobalSection(ProjectConfigurationPlatforms) = postSolution
		{A389B4C4-F723-4E1B-8FA5-C43DE5D58F1E}.Debug|Any CPU.ActiveCfg = Debug|Win32
		{A389B4C4-F723-4E1B-8FA5-C43DE5D58F1E}.Debug|x64.ActiveCfg = Debug|x64
		{A389B4C4-F723-4E1B-8FA5-C43DE5D58F1E}.Debug|x64.Build.0 = Debug|x64
		{A389B4C4-F723-4E1B-8FA5-C43DE5D58F1E}.Debug|x86.ActiveCfg = Debug|Win32
		{A389B4C4-F723-4E1B-8FA5-C43DE5D58F1E}.Debug|x86.Build.0 = Debug|Win32
		{A389B4C4-F723-4E1B-8FA5-C43DE5D58F1E}.Release|Any CPU.ActiveCfg = Release|Win32
		{A389B4C4-F723-4E1B-8FA5-C43DE5D58F1E}.Release|x64.ActiveCfg = Release|x64
		{A389B4C4-F723-4E1B-8FA5-C43DE5D58F1E}.Release|x64.Build.0 = Release|x64
		{A389B4C4-F723-4E1B-8FA5-C43DE5D58F1E}.Release|x86.ActiveCfg = Release|Win32
		{A389B4C4-F723-4E1B-8FA5-C43DE5D58F1E}.Release|x86.Build.0 = Release|Win32
		{BF2E03B1-8520-46B0-B740-45EABEC2D915}.Debug|Any CPU.ActiveCfg = Debug|Any CPU
		{BF2E03B1-8520-46B0-B740-45EABEC2D915}.Debug|Any CPU.Build.0 = Debug|Any CPU
		{BF2E03B1-8520-46B0-B740-45EABEC2D915}.Debug|x64.ActiveCfg = Debug|x64
		{BF2E03B1-8520-46B0-B740-45EABEC2D915}.Debug|x64.Build.0 = Debug|x64
		{BF2E03B1-8520-46B0-B740-45EABEC2D915}.Debug|x86.ActiveCfg = Debug|Any CPU
		{BF2E03B1-8520-46B0-B740-45EABEC2D915}.Debug|x86.Build.0 = Debug|Any CPU
		{BF2E03B1-8520-46B0-B740-45EABEC2D915}.Release|Any CPU.ActiveCfg = Release|Any CPU
		{BF2E03B1-8520-46B0-B740-45EABEC2D915}.Release|Any CPU.Build.0 = Release|Any CPU
		{BF2E03B1-8520-46B0-B740-45EABEC2D915}.Release|x64.ActiveCfg = Release|Any CPU
		{BF2E03B1-8520-46B0-B740-45EABEC2D915}.Release|x64.Build.0 = Release|Any CPU
		{BF2E03B1-8520-46B0-B740-45EABEC2D915}.Release|x86.ActiveCfg = Release|Any CPU
		{BF2E03B1-8520-46B0-B740-45EABEC2D915}.Release|x86.Build.0 = Release|Any CPU
		{2EC73010-21BF-49F6-B790-413312137124}.Debug|Any CPU.ActiveCfg = Debug|Win32
		{2EC73010-21BF-49F6-B790-413312137124}.Debug|x64.ActiveCfg = Debug|x64
		{2EC73010-21BF-49F6-B790-413312137124}.Debug|x64.Build.0 = Debug|x64
		{2EC73010-21BF-49F6-B790-413312137124}.Debug|x86.ActiveCfg = Debug|Win32
		{2EC73010-21BF-49F6-B790-413312137124}.Debug|x86.Build.0 = Debug|Win32
		{2EC73010-21BF-49F6-B790-413312137124}.Release|Any CPU.ActiveCfg = Release|Win32
		{2EC73010-21BF-49F6-B790-413312137124}.Release|x64.ActiveCfg = Release|x64
		{2EC73010-21BF-49F6-B790-413312137124}.Release|x64.Build.0 = Release|x64
		{2EC73010-21BF-49F6-B790-413312137124}.Release|x86.ActiveCfg = Release|Win32
		{2EC73010-21BF-49F6-B790-413312137124}.Release|x86.Build.0 = Release|Win32
		{D5B624A2-646F-466C-AAC0-2911E157C16F}.Debug|Any CPU.ActiveCfg = Debug|Any CPU
		{D5B624A2-646F-466C-AAC0-2911E157C16F}.Debug|Any CPU.Build.0 = Debug|Any CPU
		{D5B624A2-646F-466C-AAC0-2911E157C16F}.Debug|x64.ActiveCfg = Debug|Any CPU
		{D5B624A2-646F-466C-AAC0-2911E157C16F}.Debug|x64.Build.0 = Debug|Any CPU
		{D5B624A2-646F-466C-AAC0-2911E157C16F}.Debug|x86.ActiveCfg = Debug|Any CPU
		{D5B624A2-646F-466C-AAC0-2911E157C16F}.Debug|x86.Build.0 = Debug|Any CPU
		{D5B624A2-646F-466C-AAC0-2911E157C16F}.Release|Any CPU.ActiveCfg = Release|Any CPU
		{D5B624A2-646F-466C-AAC0-2911E157C16F}.Release|Any CPU.Build.0 = Release|Any CPU
		{D5B624A2-646F-466C-AAC0-2911E157C16F}.Release|x64.ActiveCfg = Release|Any CPU
		{D5B624A2-646F-466C-AAC0-2911E157C16F}.Release|x64.Build.0 = Release|Any CPU
		{D5B624A2-646F-466C-AAC0-2911E157C16F}.Release|x86.ActiveCfg = Release|Any CPU
		{D5B624A2-646F-466C-AAC0-2911E157C16F}.Release|x86.Build.0 = Release|Any CPU
	EndGlobalSection
	GlobalSection(SolutionProperties) = preSolution
		HideSolutionNode = FALSE
	EndGlobalSection
EndGlobal
